
Microsoft Visual Studio Solution File, Format Version 12.00
# Visual Studio Version 16
VisualStudioVersion = 16.0.31729.503
MinimumVisualStudioVersion = 10.0.40219.1
Project("{FAE04EC0-301F-11D3-BF4B-00C04F79EFBC}") = "AppPolinomio", "AppPolinomio.csproj", "{31361340-0210-416C-8230-753F5FA12D70}"
EndProject
Global
	GlobalSection(SolutionConfigurationPlatforms) = preSolution
		Debug|Any CPU = Debug|Any CPU
		Release|Any CPU = Release|Any CPU
	EndGlobalSection
	GlobalSection(ProjectConfigurationPlatforms) = postSolution
		{31361340-0210-416C-8230-753F5FA12D70}.Debug|Any CPU.ActiveCfg = Debug|Any CPU
		{31361340-0210-416C-8230-753F5FA12D70}.Debug|Any CPU.Build.0 = Debug|Any CPU
		{31361340-0210-416C-8230-753F5FA12D70}.Release|Any CPU.ActiveCfg = Release|Any CPU
		{31361340-0210-416C-8230-753F5FA12D70}.Release|Any CPU.Build.0 = Release|Any CPU
	EndGlobalSection
	GlobalSection(SolutionProperties) = preSolution
		HideSolutionNode = FALSE
	EndGlobalSection
	GlobalSection(ExtensibilityGlobals) = postSolution
		SolutionGuid = {7AE6EB41-CD08-4FD8-912A-7E7CDF153390}
	EndGlobalSection
EndGlobal
